// !$*UTF8*$!
{
	archiveVersion = 1;
	classes = {
	};
	objectVersion = 50;
	objects = {

/* Begin PBXBuildFile section */
		8926ECC32222E04900E3389E /* FoodTrackerUITests.swift in Sources */ = {isa = PBXBuildFile; fileRef = 8926ECC22222E04900E3389E /* FoodTrackerUITests.swift */; };
		894C91D4221ED4F700FE981A /* AppDelegate.swift in Sources */ = {isa = PBXBuildFile; fileRef = 894C91D3221ED4F700FE981A /* AppDelegate.swift */; };
		894C91D6221ED4F700FE981A /* MealViewController.swift in Sources */ = {isa = PBXBuildFile; fileRef = 894C91D5221ED4F700FE981A /* MealViewController.swift */; };
		894C91D9221ED4F700FE981A /* Main.storyboard in Resources */ = {isa = PBXBuildFile; fileRef = 894C91D7221ED4F700FE981A /* Main.storyboard */; };
		894C91DB221ED4F700FE981A /* Assets.xcassets in Resources */ = {isa = PBXBuildFile; fileRef = 894C91DA221ED4F700FE981A /* Assets.xcassets */; };
		894C91DE221ED4F700FE981A /* LaunchScreen.storyboard in Resources */ = {isa = PBXBuildFile; fileRef = 894C91DC221ED4F700FE981A /* LaunchScreen.storyboard */; };
		894C91E9221ED4F700FE981A /* FoodTrackerTests.swift in Sources */ = {isa = PBXBuildFile; fileRef = 894C91E8221ED4F700FE981A /* FoodTrackerTests.swift */; };
		894C91F4222028B200FE981A /* RatingControl.swift in Sources */ = {isa = PBXBuildFile; fileRef = 894C91F3222028B200FE981A /* RatingControl.swift */; };
		894C91F62220357E00FE981A /* Meal.swift in Sources */ = {isa = PBXBuildFile; fileRef = 894C91F52220357E00FE981A /* Meal.swift */; };
		894C91F8222038B000FE981A /* MealTableViewCell.swift in Sources */ = {isa = PBXBuildFile; fileRef = 894C91F7222038B000FE981A /* MealTableViewCell.swift */; };
		89AB68C222228E8900EA8BE3 /* MealTableViewController.swift in Sources */ = {isa = PBXBuildFile; fileRef = 89AB68C122228E8900EA8BE3 /* MealTableViewController.swift */; };
/* End PBXBuildFile section */

/* Begin PBXContainerItemProxy section */
		8926ECC52222E04900E3389E /* PBXContainerItemProxy */ = {
			isa = PBXContainerItemProxy;
			containerPortal = 894C91C8221ED4F700FE981A /* Project object */;
			proxyType = 1;
			remoteGlobalIDString = 894C91CF221ED4F700FE981A;
			remoteInfo = FoodTracker;
		};
		894C91E5221ED4F700FE981A /* PBXContainerItemProxy */ = {
			isa = PBXContainerItemProxy;
			containerPortal = 894C91C8221ED4F700FE981A /* Project object */;
			proxyType = 1;
			remoteGlobalIDString = 894C91CF221ED4F700FE981A;
			remoteInfo = FoodTracker;
		};
/* End PBXContainerItemProxy section */

/* Begin PBXFileReference section */
		8926ECC02222E04900E3389E /* FoodTrackerUITests.xctest */ = {isa = PBXFileReference; explicitFileType = wrapper.cfbundle; includeInIndex = 0; path = FoodTrackerUITests.xctest; sourceTree = BUILT_PRODUCTS_DIR; };
		8926ECC22222E04900E3389E /* FoodTrackerUITests.swift */ = {isa = PBXFileReference; lastKnownFileType = sourcecode.swift; path = FoodTrackerUITests.swift; sourceTree = "<group>"; };
		8926ECC42222E04900E3389E /* Info.plist */ = {isa = PBXFileReference; lastKnownFileType = text.plist.xml; path = Info.plist; sourceTree = "<group>"; };
		894C91D0221ED4F700FE981A /* FoodTracker.app */ = {isa = PBXFileReference; explicitFileType = wrapper.application; includeInIndex = 0; path = FoodTracker.app; sourceTree = BUILT_PRODUCTS_DIR; };
		894C91D3221ED4F700FE981A /* AppDelegate.swift */ = {isa = PBXFileReference; lastKnownFileType = sourcecode.swift; path = AppDelegate.swift; sourceTree = "<group>"; };
		894C91D5221ED4F700FE981A /* MealViewController.swift */ = {isa = PBXFileReference; lastKnownFileType = sourcecode.swift; path = MealViewController.swift; sourceTree = "<group>"; };
		894C91D8221ED4F700FE981A /* Base */ = {isa = PBXFileReference; lastKnownFileType = file.storyboard; name = Base; path = Base.lproj/Main.storyboard; sourceTree = "<group>"; };
		894C91DA221ED4F700FE981A /* Assets.xcassets */ = {isa = PBXFileReference; lastKnownFileType = folder.assetcatalog; path = Assets.xcassets; sourceTree = "<group>"; };
		894C91DD221ED4F700FE981A /* Base */ = {isa = PBXFileReference; lastKnownFileType = file.storyboard; name = Base; path = Base.lproj/LaunchScreen.storyboard; sourceTree = "<group>"; };
		894C91DF221ED4F700FE981A /* Info.plist */ = {isa = PBXFileReference; lastKnownFileType = text.plist.xml; path = Info.plist; sourceTree = "<group>"; };
		894C91E4221ED4F700FE981A /* FoodTrackerTests.xctest */ = {isa = PBXFileReference; explicitFileType = wrapper.cfbundle; includeInIndex = 0; path = FoodTrackerTests.xctest; sourceTree = BUILT_PRODUCTS_DIR; };
		894C91E8221ED4F700FE981A /* FoodTrackerTests.swift */ = {isa = PBXFileReference; lastKnownFileType = sourcecode.swift; path = FoodTrackerTests.swift; sourceTree = "<group>"; };
		894C91EA221ED4F700FE981A /* Info.plist */ = {isa = PBXFileReference; lastKnownFileType = text.plist.xml; path = Info.plist; sourceTree = "<group>"; };
		894C91F3222028B200FE981A /* RatingControl.swift */ = {isa = PBXFileReference; lastKnownFileType = sourcecode.swift; path = RatingControl.swift; sourceTree = "<group>"; };
		894C91F52220357E00FE981A /* Meal.swift */ = {isa = PBXFileReference; lastKnownFileType = sourcecode.swift; path = Meal.swift; sourceTree = "<group>"; };
		894C91F7222038B000FE981A /* MealTableViewCell.swift */ = {isa = PBXFileReference; lastKnownFileType = sourcecode.swift; path = MealTableViewCell.swift; sourceTree = "<group>"; };
		89AB68C122228E8900EA8BE3 /* MealTableViewController.swift */ = {isa = PBXFileReference; lastKnownFileType = sourcecode.swift; path = MealTableViewController.swift; sourceTree = "<group>"; };
/* End PBXFileReference section */

/* Begin PBXFrameworksBuildPhase section */
		8926ECBD2222E04900E3389E /* Frameworks */ = {
			isa = PBXFrameworksBuildPhase;
			buildActionMask = 2147483647;
			files = (
			);
			runOnlyForDeploymentPostprocessing = 0;
		};
		894C91CD221ED4F700FE981A /* Frameworks */ = {
			isa = PBXFrameworksBuildPhase;
			buildActionMask = 2147483647;
			files = (
			);
			runOnlyForDeploymentPostprocessing = 0;
		};
		894C91E1221ED4F700FE981A /* Frameworks */ = {
			isa = PBXFrameworksBuildPhase;
			buildActionMask = 2147483647;
			files = (
			);
			runOnlyForDeploymentPostprocessing = 0;
		};
/* End PBXFrameworksBuildPhase section */

/* Begin PBXGroup section */
		8926ECC12222E04900E3389E /* FoodTrackerUITests */ = {
			isa = PBXGroup;
			children = (
				8926ECC22222E04900E3389E /* FoodTrackerUITests.swift */,
				8926ECC42222E04900E3389E /* Info.plist */,
			);
			path = FoodTrackerUITests;
			sourceTree = "<group>";
		};
		894C91C7221ED4F700FE981A = {
			isa = PBXGroup;
			children = (
				894C91D2221ED4F700FE981A /* FoodTracker */,
				894C91E7221ED4F700FE981A /* FoodTrackerTests */,
				8926ECC12222E04900E3389E /* FoodTrackerUITests */,
				894C91D1221ED4F700FE981A /* Products */,
			);
			sourceTree = "<group>";
		};
		894C91D1221ED4F700FE981A /* Products */ = {
			isa = PBXGroup;
			children = (
				894C91D0221ED4F700FE981A /* FoodTracker.app */,
				894C91E4221ED4F700FE981A /* FoodTrackerTests.xctest */,
				8926ECC02222E04900E3389E /* FoodTrackerUITests.xctest */,
			);
			name = Products;
			sourceTree = "<group>";
		};
		894C91D2221ED4F700FE981A /* FoodTracker */ = {
			isa = PBXGroup;
			children = (
				894C91D3221ED4F700FE981A /* AppDelegate.swift */,
				894C91D5221ED4F700FE981A /* MealViewController.swift */,
				894C91F52220357E00FE981A /* Meal.swift */,
				89AB68C122228E8900EA8BE3 /* MealTableViewController.swift */,
				894C91F7222038B000FE981A /* MealTableViewCell.swift */,
				894C91F3222028B200FE981A /* RatingControl.swift */,
				894C91D7221ED4F700FE981A /* Main.storyboard */,
				894C91DA221ED4F700FE981A /* Assets.xcassets */,
				894C91DC221ED4F700FE981A /* LaunchScreen.storyboard */,
				894C91DF221ED4F700FE981A /* Info.plist */,
			);
			path = FoodTracker;
			sourceTree = "<group>";
		};
		894C91E7221ED4F700FE981A /* FoodTrackerTests */ = {
			isa = PBXGroup;
			children = (
				894C91E8221ED4F700FE981A /* FoodTrackerTests.swift */,
				894C91EA221ED4F700FE981A /* Info.plist */,
			);
			path = FoodTrackerTests;
			sourceTree = "<group>";
		};
/* End PBXGroup section */

/* Begin PBXNativeTarget section */
		8926ECBF2222E04900E3389E /* FoodTrackerUITests */ = {
			isa = PBXNativeTarget;
			buildConfigurationList = 8926ECC92222E04900E3389E /* Build configuration list for PBXNativeTarget "FoodTrackerUITests" */;
			buildPhases = (
				8926ECBC2222E04900E3389E /* Sources */,
				8926ECBD2222E04900E3389E /* Frameworks */,
				8926ECBE2222E04900E3389E /* Resources */,
			);
			buildRules = (
			);
			dependencies = (
				8926ECC62222E04900E3389E /* PBXTargetDependency */,
			);
			name = FoodTrackerUITests;
			productName = FoodTrackerUITests;
			productReference = 8926ECC02222E04900E3389E /* FoodTrackerUITests.xctest */;
			productType = "com.apple.product-type.bundle.ui-testing";
		};
		894C91CF221ED4F700FE981A /* FoodTracker */ = {
			isa = PBXNativeTarget;
			buildConfigurationList = 894C91ED221ED4F700FE981A /* Build configuration list for PBXNativeTarget "FoodTracker" */;
			buildPhases = (
				894C91CC221ED4F700FE981A /* Sources */,
				894C91CD221ED4F700FE981A /* Frameworks */,
				894C91CE221ED4F700FE981A /* Resources */,
			);
			buildRules = (
			);
			dependencies = (
			);
			name = FoodTracker;
			productName = FoodTracker;
			productReference = 894C91D0221ED4F700FE981A /* FoodTracker.app */;
			productType = "com.apple.product-type.application";
		};
		894C91E3221ED4F700FE981A /* FoodTrackerTests */ = {
			isa = PBXNativeTarget;
			buildConfigurationList = 894C91F0221ED4F700FE981A /* Build configuration list for PBXNativeTarget "FoodTrackerTests" */;
			buildPhases = (
				894C91E0221ED4F700FE981A /* Sources */,
				894C91E1221ED4F700FE981A /* Frameworks */,
				894C91E2221ED4F700FE981A /* Resources */,
			);
			buildRules = (
			);
			dependencies = (
				894C91E6221ED4F700FE981A /* PBXTargetDependency */,
			);
			name = FoodTrackerTests;
			productName = FoodTrackerTests;
			productReference = 894C91E4221ED4F700FE981A /* FoodTrackerTests.xctest */;
			productType = "com.apple.product-type.bundle.unit-test";
		};
/* End PBXNativeTarget section */

/* Begin PBXProject section */
		894C91C8221ED4F700FE981A /* Project object */ = {
			isa = PBXProject;
			attributes = {
				LastSwiftUpdateCheck = 1010;
				LastUpgradeCheck = 1010;
				ORGANIZATIONNAME = "Shalom Yerushalmy";
				TargetAttributes = {
					8926ECBF2222E04900E3389E = {
						CreatedOnToolsVersion = 10.1;
						TestTargetID = 894C91CF221ED4F700FE981A;
					};
					894C91CF221ED4F700FE981A = {
						CreatedOnToolsVersion = 10.1;
					};
					894C91E3221ED4F700FE981A = {
						CreatedOnToolsVersion = 10.1;
						TestTargetID = 894C91CF221ED4F700FE981A;
					};
				};
			};
			buildConfigurationList = 894C91CB221ED4F700FE981A /* Build configuration list for PBXProject "FoodTracker" */;
			compatibilityVersion = "Xcode 9.3";
			developmentRegion = en;
			hasScannedForEncodings = 0;
			knownRegions = (
				en,
				Base,
			);
			mainGroup = 894C91C7221ED4F700FE981A;
			productRefGroup = 894C91D1221ED4F700FE981A /* Products */;
			projectDirPath = "";
			projectRoot = "";
			targets = (
				894C91CF221ED4F700FE981A /* FoodTracker */,
				894C91E3221ED4F700FE981A /* FoodTrackerTests */,
				8926ECBF2222E04900E3389E /* FoodTrackerUITests */,
			);
		};
/* End PBXProject section */

/* Begin PBXResourcesBuildPhase section */
		8926ECBE2222E04900E3389E /* Resources */ = {
			isa = PBXResourcesBuildPhase;
			buildActionMask = 2147483647;
			files = (
			);
			runOnlyForDeploymentPostprocessing = 0;
		};
		894C91CE221ED4F700FE981A /* Resources */ = {
			isa = PBXResourcesBuildPhase;
			buildActionMask = 2147483647;
			files = (
				894C91DE221ED4F700FE981A /* LaunchScreen.storyboard in Resources */,
				894C91DB221ED4F700FE981A /* Assets.xcassets in Resources */,
				894C91D9221ED4F700FE981A /* Main.storyboard in Resources */,
			);
			runOnlyForDeploymentPostprocessing = 0;
		};
		894C91E2221ED4F700FE981A /* Resources */ = {
			isa = PBXResourcesBuildPhase;
			buildActionMask = 2147483647;
			files = (
			);
			runOnlyForDeploymentPostprocessing = 0;
		};
/* End PBXResourcesBuildPhase section */

/* Begin PBXSourcesBuildPhase section */
		8926ECBC2222E04900E3389E /* Sources */ = {
			isa = PBXSourcesBuildPhase;
			buildActionMask = 2147483647;
			files = (
				8926ECC32222E04900E3389E /* FoodTrackerUITests.swift in Sources */,
			);
			runOnlyForDeploymentPostprocessing = 0;
		};
		894C91CC221ED4F700FE981A /* Sources */ = {
			isa = PBXSourcesBuildPhase;
			buildActionMask = 2147483647;
			files = (
				894C91F62220357E00FE981A /* Meal.swift in Sources */,
				894C91D6221ED4F700FE981A /* MealViewController.swift in Sources */,
				894C91F4222028B200FE981A /* RatingControl.swift in Sources */,
				894C91D4221ED4F700FE981A /* AppDelegate.swift in Sources */,
				89AB68C222228E8900EA8BE3 /* MealTableViewController.swift in Sources */,
				894C91F8222038B000FE981A /* MealTableViewCell.swift in Sources */,
			);
			runOnlyForDeploymentPostprocessing = 0;
		};
		894C91E0221ED4F700FE981A /* Sources */ = {
			isa = PBXSourcesBuildPhase;
			buildActionMask = 2147483647;
			files = (
				894C91E9221ED4F700FE981A /* FoodTrackerTests.swift in Sources */,
			);
			runOnlyForDeploymentPostprocessing = 0;
		};
/* End PBXSourcesBuildPhase section */

/* Begin PBXTargetDependency section */
		8926ECC62222E04900E3389E /* PBXTargetDependency */ = {
			isa = PBXTargetDependency;
			target = 894C91CF221ED4F700FE981A /* FoodTracker */;
			targetProxy = 8926ECC52222E04900E3389E /* PBXContainerItemProxy */;
		};
		894C91E6221ED4F700FE981A /* PBXTargetDependency */ = {
			isa = PBXTargetDependency;
			target = 894C91CF221ED4F700FE981A /* FoodTracker */;
			targetProxy = 894C91E5221ED4F700FE981A /* PBXContainerItemProxy */;
		};
/* End PBXTargetDependency section */

/* Begin PBXVariantGroup section */
		894C91D7221ED4F700FE981A /* Main.storyboard */ = {
			isa = PBXVariantGroup;
			children = (
				894C91D8221ED4F700FE981A /* Base */,
			);
			name = Main.storyboard;
			sourceTree = "<group>";
		};
		894C91DC221ED4F700FE981A /* LaunchScreen.storyboard */ = {
			isa = PBXVariantGroup;
			children = (
				894C91DD221ED4F700FE981A /* Base */,
			);
			name = LaunchScreen.storyboard;
			sourceTree = "<group>";
		};
/* End PBXVariantGroup section */

/* Begin XCBuildConfiguration section */
		8926ECC72222E04900E3389E /* Debug */ = {
			isa = XCBuildConfiguration;
			buildSettings = {
				CODE_SIGN_STYLE = Automatic;
				INFOPLIST_FILE = FoodTrackerUITests/Info.plist;
				LD_RUNPATH_SEARCH_PATHS = (
					"$(inherited)",
					"@executable_path/Frameworks",
					"@loader_path/Frameworks",
				);
				PRODUCT_BUNDLE_IDENTIFIER = com.yershalom.FoodTrackerUITests;
				PRODUCT_NAME = "$(TARGET_NAME)";
				SWIFT_VERSION = 4.2;
				TARGETED_DEVICE_FAMILY = "1,2";
				TEST_TARGET_NAME = FoodTracker;
			};
			name = Debug;
		};
		8926ECC82222E04900E3389E /* Release */ = {
			isa = XCBuildConfiguration;
			buildSettings = {
				CODE_SIGN_STYLE = Automatic;
				INFOPLIST_FILE = FoodTrackerUITests/Info.plist;
				LD_RUNPATH_SEARCH_PATHS = (
					"$(inherited)",
					"@executable_path/Frameworks",
					"@loader_path/Frameworks",
				);
				PRODUCT_BUNDLE_IDENTIFIER = com.yershalom.FoodTrackerUITests;
				PRODUCT_NAME = "$(TARGET_NAME)";
				SWIFT_VERSION = 4.2;
				TARGETED_DEVICE_FAMILY = "1,2";
				TEST_TARGET_NAME = FoodTracker;
			};
			name = Release;
		};
		894C91EB221ED4F700FE981A /* Debug */ = {
			isa = XCBuildConfiguration;
			buildSettings = {
				ALWAYS_SEARCH_USER_PATHS = NO;
				CLANG_ANALYZER_NONNULL = YES;
				CLANG_ANALYZER_NUMBER_OBJECT_CONVERSION = YES_AGGRESSIVE;
				CLANG_CXX_LANGUAGE_STANDARD = "gnu++14";
				CLANG_CXX_LIBRARY = "libc++";
				CLANG_ENABLE_MODULES = YES;
				CLANG_ENABLE_OBJC_ARC = YES;
				CLANG_ENABLE_OBJC_WEAK = YES;
				CLANG_WARN_BLOCK_CAPTURE_AUTORELEASING = YES;
				CLANG_WARN_BOOL_CONVERSION = YES;
				CLANG_WARN_COMMA = YES;
				CLANG_WARN_CONSTANT_CONVERSION = YES;
				CLANG_WARN_DEPRECATED_OBJC_IMPLEMENTATIONS = YES;
				CLANG_WARN_DIRECT_OBJC_ISA_USAGE = YES_ERROR;
				CLANG_WARN_DOCUMENTATION_COMMENTS = YES;
				CLANG_WARN_EMPTY_BODY = YES;
				CLANG_WARN_ENUM_CONVERSION = YES;
				CLANG_WARN_INFINITE_RECURSION = YES;
				CLANG_WARN_INT_CONVERSION = YES;
				CLANG_WARN_NON_LITERAL_NULL_CONVERSION = YES;
				CLANG_WARN_OBJC_IMPLICIT_RETAIN_SELF = YES;
				CLANG_WARN_OBJC_LITERAL_CONVERSION = YES;
				CLANG_WARN_OBJC_ROOT_CLASS = YES_ERROR;
				CLANG_WARN_RANGE_LOOP_ANALYSIS = YES;
				CLANG_WARN_STRICT_PROTOTYPES = YES;
				CLANG_WARN_SUSPICIOUS_MOVE = YES;
				CLANG_WARN_UNGUARDED_AVAILABILITY = YES_AGGRESSIVE;
				CLANG_WARN_UNREACHABLE_CODE = YES;
				CLANG_WARN__DUPLICATE_METHOD_MATCH = YES;
				CODE_SIGN_IDENTITY = "iPhone Developer";
				COPY_PHASE_STRIP = NO;
				DEBUG_INFORMATION_FORMAT = dwarf;
				ENABLE_STRICT_OBJC_MSGSEND = YES;
				ENABLE_TESTABILITY = YES;
				GCC_C_LANGUAGE_STANDARD = gnu11;
				GCC_DYNAMIC_NO_PIC = NO;
				GCC_NO_COMMON_BLOCKS = YES;
				GCC_OPTIMIZATION_LEVEL = 0;
				GCC_PREPROCESSOR_DEFINITIONS = (
					"DEBUG=1",
					"$(inherited)",
				);
				GCC_WARN_64_TO_32_BIT_CONVERSION = YES;
				GCC_WARN_ABOUT_RETURN_TYPE = YES_ERROR;
				GCC_WARN_UNDECLARED_SELECTOR = YES;
				GCC_WARN_UNINITIALIZED_AUTOS = YES_AGGRESSIVE;
				GCC_WARN_UNUSED_FUNCTION = YES;
				GCC_WARN_UNUSED_VARIABLE = YES;
				IPHONEOS_DEPLOYMENT_TARGET = 12.1;
				MTL_ENABLE_DEBUG_INFO = INCLUDE_SOURCE;
				MTL_FAST_MATH = YES;
				ONLY_ACTIVE_ARCH = YES;
				SDKROOT = iphoneos;
				SWIFT_ACTIVE_COMPILATION_CONDITIONS = DEBUG;
				SWIFT_OPTIMIZATION_LEVEL = "-Onone";
			};
			name = Debug;
		};
		894C91EC221ED4F700FE981A /* Release */ = {
			isa = XCBuildConfiguration;
			buildSettings = {
				ALWAYS_SEARCH_USER_PATHS = NO;
				CLANG_ANALYZER_NONNULL = YES;
				CLANG_ANALYZER_NUMBER_OBJECT_CONVERSION = YES_AGGRESSIVE;
				CLANG_CXX_LANGUAGE_STANDARD = "gnu++14";
				CLANG_CXX_LIBRARY = "libc++";
				CLANG_ENABLE_MODULES = YES;
				CLANG_ENABLE_OBJC_ARC = YES;
				CLANG_ENABLE_OBJC_WEAK = YES;
				CLANG_WARN_BLOCK_CAPTURE_AUTORELEASING = YES;
				CLANG_WARN_BOOL_CONVERSION = YES;
				CLANG_WARN_COMMA = YES;
				CLANG_WARN_CONSTANT_CONVERSION = YES;
				CLANG_WARN_DEPRECATED_OBJC_IMPLEMENTATIONS = YES;
				CLANG_WARN_DIRECT_OBJC_ISA_USAGE = YES_ERROR;
				CLANG_WARN_DOCUMENTATION_COMMENTS = YES;
				CLANG_WARN_EMPTY_BODY = YES;
				CLANG_WARN_ENUM_CONVERSION = YES;
				CLANG_WARN_INFINITE_RECURSION = YES;
				CLANG_WARN_INT_CONVERSION = YES;
				CLANG_WARN_NON_LITERAL_NULL_CONVERSION = YES;
				CLANG_WARN_OBJC_IMPLICIT_RETAIN_SELF = YES;
				CLANG_WARN_OBJC_LITERAL_CONVERSION = YES;
				CLANG_WARN_OBJC_ROOT_CLASS = YES_ERROR;
				CLANG_WARN_RANGE_LOOP_ANALYSIS = YES;
				CLANG_WARN_STRICT_PROTOTYPES = YES;
				CLANG_WARN_SUSPICIOUS_MOVE = YES;
				CLANG_WARN_UNGUARDED_AVAILABILITY = YES_AGGRESSIVE;
				CLANG_WARN_UNREACHABLE_CODE = YES;
				CLANG_WARN__DUPLICATE_METHOD_MATCH = YES;
				CODE_SIGN_IDENTITY = "iPhone Developer";
				COPY_PHASE_STRIP = NO;
				DEBUG_INFORMATION_FORMAT = "dwarf-with-dsym";
				ENABLE_NS_ASSERTIONS = NO;
				ENABLE_STRICT_OBJC_MSGSEND = YES;
				GCC_C_LANGUAGE_STANDARD = gnu11;
				GCC_NO_COMMON_BLOCKS = YES;
				GCC_WARN_64_TO_32_BIT_CONVERSION = YES;
				GCC_WARN_ABOUT_RETURN_TYPE = YES_ERROR;
				GCC_WARN_UNDECLARED_SELECTOR = YES;
				GCC_WARN_UNINITIALIZED_AUTOS = YES_AGGRESSIVE;
				GCC_WARN_UNUSED_FUNCTION = YES;
				GCC_WARN_UNUSED_VARIABLE = YES;
				IPHONEOS_DEPLOYMENT_TARGET = 12.1;
				MTL_ENABLE_DEBUG_INFO = NO;
				MTL_FAST_MATH = YES;
				SDKROOT = iphoneos;
				SWIFT_COMPILATION_MODE = wholemodule;
				SWIFT_OPTIMIZATION_LEVEL = "-O";
				VALIDATE_PRODUCT = YES;
			};
			name = Release;
		};
		894C91EE221ED4F700FE981A /* Debug */ = {
			isa = XCBuildConfiguration;
			buildSettings = {
				ASSETCATALOG_COMPILER_APPICON_NAME = AppIcon;
				CODE_SIGN_STYLE = Automatic;
				INFOPLIST_FILE = FoodTracker/Info.plist;
				LD_RUNPATH_SEARCH_PATHS = (
					"$(inherited)",
					"@executable_path/Frameworks",
				);
				PRODUCT_BUNDLE_IDENTIFIER = com.yershalom.FoodTracker;
				PRODUCT_NAME = "$(TARGET_NAME)";
				SWIFT_VERSION = 4.2;
				TARGETED_DEVICE_FAMILY = "1,2";
			};
			name = Debug;
		};
		894C91EF221ED4F700FE981A /* Release */ = {
			isa = XCBuildConfiguration;
			buildSettings = {
				ASSETCATALOG_COMPILER_APPICON_NAME = AppIcon;
				CODE_SIGN_STYLE = Automatic;
				INFOPLIST_FILE = FoodTracker/Info.plist;
				LD_RUNPATH_SEARCH_PATHS = (
					"$(inherited)",
					"@executable_path/Frameworks",
				);
				PRODUCT_BUNDLE_IDENTIFIER = com.yershalom.FoodTracker;
				PRODUCT_NAME = "$(TARGET_NAME)";
				SWIFT_VERSION = 4.2;
				TARGETED_DEVICE_FAMILY = "1,2";
			};
			name = Release;
		};
		894C91F1221ED4F700FE981A /* Debug */ = {
			isa = XCBuildConfiguration;
			buildSettings = {
				ALWAYS_EMBED_SWIFT_STANDARD_LIBRARIES = YES;
				BUNDLE_LOADER = "$(TEST_HOST)";
				CODE_SIGN_STYLE = Automatic;
				INFOPLIST_FILE = FoodTrackerTests/Info.plist;
				LD_RUNPATH_SEARCH_PATHS = (
					"$(inherited)",
					"@executable_path/Frameworks",
					"@loader_path/Frameworks",
				);
				PRODUCT_BUNDLE_IDENTIFIER = com.yershalom.FoodTrackerTests;
				PRODUCT_NAME = "$(TARGET_NAME)";
				SWIFT_VERSION = 4.2;
				TARGETED_DEVICE_FAMILY = "1,2";
				TEST_HOST = "$(BUILT_PRODUCTS_DIR)/FoodTracker.app/FoodTracker";
			};
			name = Debug;
		};
		894C91F2221ED4F700FE981A /* Release */ = {
			isa = XCBuildConfiguration;
			buildSettings = {
				ALWAYS_EMBED_SWIFT_STANDARD_LIBRARIES = YES;
				BUNDLE_LOADER = "$(TEST_HOST)";
				CODE_SIGN_STYLE = Automatic;
				INFOPLIST_FILE = FoodTrackerTests/Info.plist;
				LD_RUNPATH_SEARCH_PATHS = (
					"$(inherited)",
					"@executable_path/Frameworks",
					"@loader_path/Frameworks",
				);
				PRODUCT_BUNDLE_IDENTIFIER = com.yershalom.FoodTrackerTests;
				PRODUCT_NAME = "$(TARGET_NAME)";
				SWIFT_VERSION = 4.2;
				TARGETED_DEVICE_FAMILY = "1,2";
				TEST_HOST = "$(BUILT_PRODUCTS_DIR)/FoodTracker.app/FoodTracker";
			};
			name = Release;
		};
/* End XCBuildConfiguration section */

/* Begin XCConfigurationList section */
		8926ECC92222E04900E3389E /* Build configuration list for PBXNativeTarget "FoodTrackerUITests" */ = {
			isa = XCConfigurationList;
			buildConfigurations = (
				8926ECC72222E04900E3389E /* Debug */,
				8926ECC82222E04900E3389E /* Release */,
			);
			defaultConfigurationIsVisible = 0;
			defaultConfigurationName = Release;
		};
		894C91CB221ED4F700FE981A /* Build configuration list for PBXProject "FoodTracker" */ = {
			isa = XCConfigurationList;
			buildConfigurations = (
				894C91EB221ED4F700FE981A /* Debug */,
				894C91EC221ED4F700FE981A /* Release */,
			);
			defaultConfigurationIsVisible = 0;
			defaultConfigurationName = Release;
		};
		894C91ED221ED4F700FE981A /* Build configuration list for PBXNativeTarget "FoodTracker" */ = {
			isa = XCConfigurationList;
			buildConfigurations = (
				894C91EE221ED4F700FE981A /* Debug */,
				894C91EF221ED4F700FE981A /* Release */,
			);
			defaultConfigurationIsVisible = 0;
			defaultConfigurationName = Release;
		};
		894C91F0221ED4F700FE981A /* Build configuration list for PBXNativeTarget "FoodTrackerTests" */ = {
			isa = XCConfigurationList;
			buildConfigurations = (
				894C91F1221ED4F700FE981A /* Debug */,
				894C91F2221ED4F700FE981A /* Release */,
			);
			defaultConfigurationIsVisible = 0;
			defaultConfigurationName = Release;
		};
/* End XCConfigurationList section */
	};
	rootObject = 894C91C8221ED4F700FE981A /* Project object */;
}
